
Microsoft Visual Studio Solution File, Format Version 12.00
# Visual Studio Version 16
VisualStudioVersion = 16.0.29709.97
MinimumVisualStudioVersion = 10.0.40219.1
Project("{9A19103F-16F7-4668-BE54-9A1E7A4F7556}") = "Episode1", "Episode1\Episode1.csproj", "{44368C04-CA6E-4764-8C46-6B9BD41CC420}"
EndProject
Project("{FAE04EC0-301F-11D3-BF4B-00C04F79EFBC}") = "Tests", "Tests\Tests.csproj", "{A6D8E9E9-13B8-4331-AA25-614FAE75224F}"
EndProject
Global
	GlobalSection(SolutionConfigurationPlatforms) = preSolution
		Debug|Any CPU = Debug|Any CPU
		Release|Any CPU = Release|Any CPU
	EndGlobalSection
	GlobalSection(ProjectConfigurationPlatforms) = postSolution
		{44368C04-CA6E-4764-8C46-6B9BD41CC420}.Debug|Any CPU.ActiveCfg = Debug|Any CPU
		{44368C04-CA6E-4764-8C46-6B9BD41CC420}.Debug|Any CPU.Build.0 = Debug|Any CPU
		{44368C04-CA6E-4764-8C46-6B9BD41CC420}.Release|Any CPU.ActiveCfg = Release|Any CPU
		{44368C04-CA6E-4764-8C46-6B9BD41CC420}.Release|Any CPU.Build.0 = Release|Any CPU
		{A6D8E9E9-13B8-4331-AA25-614FAE75224F}.Debug|Any CPU.ActiveCfg = Debug|Any CPU
		{A6D8E9E9-13B8-4331-AA25-614FAE75224F}.Debug|Any CPU.Build.0 = Debug|Any CPU
		{A6D8E9E9-13B8-4331-AA25-614FAE75224F}.Release|Any CPU.ActiveCfg = Release|Any CPU
		{A6D8E9E9-13B8-4331-AA25-614FAE75224F}.Release|Any CPU.Build.0 = Release|Any CPU
	EndGlobalSection
	GlobalSection(SolutionProperties) = preSolution
		HideSolutionNode = FALSE
	EndGlobalSection
	GlobalSection(ExtensibilityGlobals) = postSolution
		SolutionGuid = {ABBE8F63-18D6-4FEB-8C45-138CCF02B379}
	EndGlobalSection
EndGlobal
